
Microsoft Visual Studio Solution File, Format Version 12.00
# Visual Studio Version 17
VisualStudioVersion = 17.10.35122.118
MinimumVisualStudioVersion = 10.0.40219.1
Project("{FAE04EC0-301F-11D3-BF4B-00C04F79EFBC}") = "KsiazkaKonsola", "KsiazkaKonsola\KsiazkaKonsola.csproj", "{0A07D6B1-89AD-467F-BD43-21F5FBFF1383}"
EndProject
Global
	GlobalSection(SolutionConfigurationPlatforms) = preSolution
		Debug|Any CPU = Debug|Any CPU
		Release|Any CPU = Release|Any CPU
	EndGlobalSection
	GlobalSection(ProjectConfigurationPlatforms) = postSolution
		{0A07D6B1-89AD-467F-BD43-21F5FBFF1383}.Debug|Any CPU.ActiveCfg = Debug|Any CPU
		{0A07D6B1-89AD-467F-BD43-21F5FBFF1383}.Debug|Any CPU.Build.0 = Debug|Any CPU
		{0A07D6B1-89AD-467F-BD43-21F5FBFF1383}.Release|Any CPU.ActiveCfg = Release|Any CPU
		{0A07D6B1-89AD-467F-BD43-21F5FBFF1383}.Release|Any CPU.Build.0 = Release|Any CPU
	EndGlobalSection
	GlobalSection(SolutionProperties) = preSolution
		HideSolutionNode = FALSE
	EndGlobalSection
	GlobalSection(ExtensibilityGlobals) = postSolution
		SolutionGuid = {498BA1D8-E9BD-412E-BF22-BB36B4AA182D}
	EndGlobalSection
EndGlobal
